# THIS IS AN AUTOGENERATED FILE. DO NOT EDIT THIS FILE DIRECTLY.
# yarn lockfile v1


axios@^0.19.0:
  version "0.19.0"
  resolved "https://registry.npm.taobao.org/axios/download/axios-0.19.0.tgz#8e09bff3d9122e133f7b8101c8fbdd00ed3d2ab8"
  integrity sha1-jgm/89kSLhM/e4EByPvdAO09Krg=
  dependencies:
    follow-redirects "1.5.10"
    is-buffer "^2.0.2"

debug@=3.1.0:
  version "3.1.0"
  resolved "https://registry.npm.taobao.org/debug/download/debug-3.1.0.tgz?cache=0&other_urls=https%3A%2F%2Fregistry.npm.taobao.org%2Fdebug%2Fdownload%2Fdebug-3.1.0.tgz#5bb5a0672628b64149566ba16819e61518c67261"
  integrity sha1-W7WgZyYotkFJVmuhaBnmFRjGcmE=
  dependencies:
    ms "2.0.0"

follow-redirects@1.5.10:
  version "1.5.10"
  resolved "https://registry.npm.taobao.org/follow-redirects/download/follow-redirects-1.5.10.tgz#7b7a9f9aea2fdff36786a94ff643ed07f4ff5e2a"
  integrity sha1-e3qfmuov3/NnhqlP9kPtB/T/Xio=
  dependencies:
    debug "=3.1.0"

is-buffer@^2.0.2:
  version "2.0.3"
  resolved "https://registry.npm.taobao.org/is-buffer/download/is-buffer-2.0.3.tgz#4ecf3fcf749cbd1e472689e109ac66261a25e725"
  integrity sha1-Ts8/z3ScvR5HJonhCaxmJhol5yU=

moment@^2.29.4:
  version "2.29.4"
  resolved "https://registry.yarnpkg.com/moment/-/moment-2.29.4.tgz#3dbe052889fe7c1b2ed966fcb3a77328964ef108"
  integrity sha512-5LC9SOxjSc2HF6vO2CyuTDNivEdoz2IvyJJGj6X8DJ0eFyfszE0QiEd+iXmBvUP3WHxSjFH/vIsA0EN00cgr8w==

ms@2.0.0:
  version "2.0.0"
  resolved "https://registry.npm.taobao.org/ms/download/ms-2.0.0.tgz?cache=0&other_urls=https%3A%2F%2Fregistry.npm.taobao.org%2Fms%2Fdownload%2Fms-2.0.0.tgz#5608aeadfc00be6c2901df5f9861788de0d597c8"
  integrity sha1-VgiurfwAvmwpAd9fmGF4jeDVl8g=

todomvc-app-css@^2.0.0:
  version "2.2.0"
  resolved "https://registry.npm.taobao.org/todomvc-app-css/download/todomvc-app-css-2.2.0.tgz#6f84b15d9d4e0cf186679489fb236050c822de11"
  integrity sha1-b4SxXZ1ODPGGZ5SJ+yNgUMgi3hE=

todomvc-common@^1.0.0:
  version "1.0.5"
  resolved "https://registry.npm.taobao.org/todomvc-common/download/todomvc-common-1.0.5.tgz#8c3e799ac9f1fc1573e0c204f984510826914730"
  integrity sha1-jD55msnx/BVz4MIE+YRRCCaRRzA=

vue@^2.6.10:
  version "2.6.10"
  resolved "https://registry.npm.taobao.org/vue/download/vue-2.6.10.tgz#a72b1a42a4d82a721ea438d1b6bf55e66195c637"
  integrity sha1-pysaQqTYKnIepDjRtr9V5mGVxjc=
